
Microsoft Visual Studio Solution File, Format Version 12.00
# Visual Studio Version 16
VisualStudioVersion = 16.0.30611.23
MinimumVisualStudioVersion = 10.0.40219.1
Project("{FAE04EC0-301F-11D3-BF4B-00C04F79EFBC}") = "Mircescu_Ligia_Lab2", "Mircescu_Ligia_Lab2.csproj", "{28316AA1-6684-463A-AACB-ED58B2E316CF}"
EndProject
Global
	GlobalSection(SolutionConfigurationPlatforms) = preSolution
		Debug|Any CPU = Debug|Any CPU
		Release|Any CPU = Release|Any CPU
	EndGlobalSection
	GlobalSection(ProjectConfigurationPlatforms) = postSolution
		{28316AA1-6684-463A-AACB-ED58B2E316CF}.Debug|Any CPU.ActiveCfg = Debug|Any CPU
		{28316AA1-6684-463A-AACB-ED58B2E316CF}.Debug|Any CPU.Build.0 = Debug|Any CPU
		{28316AA1-6684-463A-AACB-ED58B2E316CF}.Release|Any CPU.ActiveCfg = Release|Any CPU
		{28316AA1-6684-463A-AACB-ED58B2E316CF}.Release|Any CPU.Build.0 = Release|Any CPU
	EndGlobalSection
	GlobalSection(SolutionProperties) = preSolution
		HideSolutionNode = FALSE
	EndGlobalSection
	GlobalSection(ExtensibilityGlobals) = postSolution
		SolutionGuid = {A646FCDF-87FF-4832-9F30-D3A2FB7FD8EC}
	EndGlobalSection
EndGlobal
